# This file is automatically @generated by Poetry and should not be changed by hand.

[[package]]
name = "invoke"
version = "1.7.3"
description = "Pythonic task execution"
category = "dev"
optional = false
python-versions = "*"
files = [
    {file = "invoke-1.7.3-py3-none-any.whl", hash = "sha256:d9694a865764dd3fd91f25f7e9a97fb41666e822bbb00e670091e3f43933574d"},
    {file = "invoke-1.7.3.tar.gz", hash = "sha256:41b428342d466a82135d5ab37119685a989713742be46e42a3a399d685579314"},
]

[metadata]
lock-version = "2.0"
python-versions = "*"
content-hash = "c0a8279d00088777b40781935939ad8b5c61229dcb9913c6fec9b05a3330b466"
